
Microsoft Visual Studio Solution File, Format Version 12.00
# Visual Studio Version 16
VisualStudioVersion = 16.0.32002.261
MinimumVisualStudioVersion = 10.0.40219.1
Project("{FAE04EC0-301F-11D3-BF4B-00C04F79EFBC}") = "City-Program", "City-Program\City-Program.csproj", "{470D1DEC-E5F2-4CD6-9AF0-7549EEB2FC06}"
EndProject
Global
	GlobalSection(SolutionConfigurationPlatforms) = preSolution
		Debug|Any CPU = Debug|Any CPU
		Release|Any CPU = Release|Any CPU
	EndGlobalSection
	GlobalSection(ProjectConfigurationPlatforms) = postSolution
		{470D1DEC-E5F2-4CD6-9AF0-7549EEB2FC06}.Debug|Any CPU.ActiveCfg = Debug|Any CPU
		{470D1DEC-E5F2-4CD6-9AF0-7549EEB2FC06}.Debug|Any CPU.Build.0 = Debug|Any CPU
		{470D1DEC-E5F2-4CD6-9AF0-7549EEB2FC06}.Release|Any CPU.ActiveCfg = Release|Any CPU
		{470D1DEC-E5F2-4CD6-9AF0-7549EEB2FC06}.Release|Any CPU.Build.0 = Release|Any CPU
	EndGlobalSection
	GlobalSection(SolutionProperties) = preSolution
		HideSolutionNode = FALSE
	EndGlobalSection
	GlobalSection(ExtensibilityGlobals) = postSolution
		SolutionGuid = {CD9AD86F-1115-4AB5-B707-C0B3CEA8EC81}
	EndGlobalSection
EndGlobal
